{
  "pins" : [
    {
      "identity" : "binarybirds-swift-css",
      "kind" : "remoteSourceControl",
      "location" : "https://github.com/atacan/BinaryBirds-swift-css",
      "state" : {
        "branch" : "develop",
        "revision" : "724bedd20bcd6969a7ba3800571e4097faa30399"
      }
    },
    {
      "identity" : "binarybirds-swift-html",
      "kind" : "remoteSourceControl",
      "location" : "https://github.com/atacan/BinaryBirds-swift-html",
      "state" : {
        "branch" : "main",
        "revision" : "1fd007c23f0d6e47763e7f3c6b64488b1ac91459"
      }
    },
    {
      "identity" : "swift-prelude",
      "kind" : "remoteSourceControl",
      "location" : "https://github.com/pointfreeco/swift-prelude",
      "state" : {
        "branch" : "main",
        "revision" : "8d26fe5be7ca9b67f735ea1c83f46cfbe3009df9"
      }
    },
    {
      "identity" : "swift-syntax",
      "kind" : "remoteSourceControl",
      "location" : "https://github.com/apple/swift-syntax.git",
      "state" : {
        "revision" : "72d3da66b085c2299dd287c2be3b92b5ebd226de",
        "version" : "0.50700.1"
      }
    }
  ],
  "version" : 2
}
